lockfileVersion: '6.0'

settings:
  autoInstallPeers: true
  excludeLinksFromLockfile: false

devDependencies:
  '@types/node':
    specifier: ^20.11.4
    version: 20.11.4

packages:

  /@types/node@20.11.4:
    resolution: {integrity: sha512-6I0fMH8Aoy2lOejL3s4LhyIYX34DPwY8bl5xlNjBvUEk8OHrcuzsFt+Ied4LvJihbtXPM+8zUqdydfIti86v9g==}
    dependencies:
      undici-types: 5.26.5
    dev: true

  /undici-types@5.26.5:
    resolution: {integrity: sha512-JlCMO+ehdEIKqlFxk6IfVoAUVmgz7cU7zD/h9XZ0qzeosSHmUJVOzSQvvYSYWXkFXC+IfLKSIffhv0sVZup6pA==}
    dev: true
